
Microsoft Visual Studio Solution File, Format Version 12.00
# Visual Studio Version 17
VisualStudioVersion = 17.10.35027.167
MinimumVisualStudioVersion = 10.0.40219.1
Project("{FAE04EC0-301F-11D3-BF4B-00C04F79EFBC}") = "ManagementApp", "ManagementApp.csproj", "{B2D3E5C9-9748-4263-8910-CE83B6A626F5}"
EndProject
Global
	GlobalSection(SolutionConfigurationPlatforms) = preSolution
		Debug|Any CPU = Debug|Any CPU
		Release|Any CPU = Release|Any CPU
	EndGlobalSection
	GlobalSection(ProjectConfigurationPlatforms) = postSolution
		{B2D3E5C9-9748-4263-8910-CE83B6A626F5}.Debug|Any CPU.ActiveCfg = Debug|Any CPU
		{B2D3E5C9-9748-4263-8910-CE83B6A626F5}.Debug|Any CPU.Build.0 = Debug|Any CPU
		{B2D3E5C9-9748-4263-8910-CE83B6A626F5}.Release|Any CPU.ActiveCfg = Release|Any CPU
		{B2D3E5C9-9748-4263-8910-CE83B6A626F5}.Release|Any CPU.Build.0 = Release|Any CPU
	EndGlobalSection
	GlobalSection(SolutionProperties) = preSolution
		HideSolutionNode = FALSE
	EndGlobalSection
	GlobalSection(ExtensibilityGlobals) = postSolution
		SolutionGuid = {56473506-E4B5-446D-B612-960CC94BE24A}
	EndGlobalSection
EndGlobal
